
Microsoft Visual Studio Solution File, Format Version 12.00
# Visual Studio Version 17
VisualStudioVersion = 17.14.36429.23 d17.14
MinimumVisualStudioVersion = 10.0.40219.1
Project("{FAE04EC0-301F-11D3-BF4B-00C04F79EFBC}") = "schackbrade2.0", "schackbrade2.0.csproj", "{FC534CD1-FE4B-454D-9F40-7582AC408F15}"
EndProject
Global
	GlobalSection(SolutionConfigurationPlatforms) = preSolution
		Debug|Any CPU = Debug|Any CPU
		Release|Any CPU = Release|Any CPU
	EndGlobalSection
	GlobalSection(ProjectConfigurationPlatforms) = postSolution
		{FC534CD1-FE4B-454D-9F40-7582AC408F15}.Debug|Any CPU.ActiveCfg = Debug|Any CPU
		{FC534CD1-FE4B-454D-9F40-7582AC408F15}.Debug|Any CPU.Build.0 = Debug|Any CPU
		{FC534CD1-FE4B-454D-9F40-7582AC408F15}.Release|Any CPU.ActiveCfg = Release|Any CPU
		{FC534CD1-FE4B-454D-9F40-7582AC408F15}.Release|Any CPU.Build.0 = Release|Any CPU
	EndGlobalSection
	GlobalSection(SolutionProperties) = preSolution
		HideSolutionNode = FALSE
	EndGlobalSection
	GlobalSection(ExtensibilityGlobals) = postSolution
		SolutionGuid = {1F9F2BAD-696B-400B-BF2A-8C76F1674A39}
	EndGlobalSection
EndGlobal
